Microsoft Visual Studio Solution File, Format Version 11.00
# Visual Studio 2008

Project("{5F9834F1-4821-4D90-7553-A5F79F5EA037}") = "BOOTGame", "Assembly-CSharp.csproj", "{503D0D2A-7E24-8D75-EAFE-53166AB21FA5}"
EndProject
Global
	GlobalSection(SolutionConfigurationPlatforms) = preSolution
		Debug|Any CPU = Debug|Any CPU
		Release|Any CPU = Release|Any CPU
	EndGlobalSection
	GlobalSection(ProjectConfigurationPlatforms) = postSolution
		{503D0D2A-7E24-8D75-EAFE-53166AB21FA5}.Debug|Any CPU.ActiveCfg = Debug|Any CPU
		{503D0D2A-7E24-8D75-EAFE-53166AB21FA5}.Debug|Any CPU.Build.0 = Debug|Any CPU
		{503D0D2A-7E24-8D75-EAFE-53166AB21FA5}.Release|Any CPU.ActiveCfg = Release|Any CPU
		{503D0D2A-7E24-8D75-EAFE-53166AB21FA5}.Release|Any CPU.Build.0 = Release|Any CPU
	EndGlobalSection
	GlobalSection(SolutionProperties) = preSolution
		HideSolutionNode = FALSE
	EndGlobalSection
	GlobalSection(MonoDevelopProperties) = preSolution
		StartupItem = Assembly-CSharp.csproj
	EndGlobalSection	GlobalSection(MonoDevelopProperties) = preSolution
EndGlobal
